// !$*UTF8*$!
{
	archiveVersion = 1;
	classes = {
	};
	objectVersion = 53;
	objects = {

/* Begin PBXBuildFile section */
		13C876B0ECCBED53ADBA330B /* Pods_StuMoyaTests.framework in Frameworks */ = {isa = PBXBuildFile; fileRef = 7AA3F557F9909754F005D406 /* Pods_StuMoyaTests.framework */; };
		577626C4294C1EB900182258 /* AppDelegate.swift in Sources */ = {isa = PBXBuildFile; fileRef = 577626C3294C1EB900182258 /* AppDelegate.swift */; };
		577626C6294C1EB900182258 /* SceneDelegate.swift in Sources */ = {isa = PBXBuildFile; fileRef = 577626C5294C1EB900182258 /* SceneDelegate.swift */; };
		577626C8294C1EB900182258 /* ViewController.swift in Sources */ = {isa = PBXBuildFile; fileRef = 577626C7294C1EB900182258 /* ViewController.swift */; };
		577626CB294C1EB900182258 /* Main.storyboard in Resources */ = {isa = PBXBuildFile; fileRef = 577626C9294C1EB900182258 /* Main.storyboard */; };
		577626CD294C1EBA00182258 /* Assets.xcassets in Resources */ = {isa = PBXBuildFile; fileRef = 577626CC294C1EBA00182258 /* Assets.xcassets */; };
		577626D0294C1EBA00182258 /* LaunchScreen.storyboard in Resources */ = {isa = PBXBuildFile; fileRef = 577626CE294C1EBA00182258 /* LaunchScreen.storyboard */; };
		577626DB294C1EBA00182258 /* StuMoyaTests.swift in Sources */ = {isa = PBXBuildFile; fileRef = 577626DA294C1EBA00182258 /* StuMoyaTests.swift */; };
		577626E5294C1EBA00182258 /* StuMoyaUITests.swift in Sources */ = {isa = PBXBuildFile; fileRef = 577626E4294C1EBA00182258 /* StuMoyaUITests.swift */; };
		577626E7294C1EBA00182258 /* StuMoyaUITestsLaunchTests.swift in Sources */ = {isa = PBXBuildFile; fileRef = 577626E6294C1EBA00182258 /* StuMoyaUITestsLaunchTests.swift */; };
		577626F4294C290900182258 /* LoginApi.swift in Sources */ = {isa = PBXBuildFile; fileRef = 577626F3294C290900182258 /* LoginApi.swift */; };
		577626F6294C2ACF00182258 /* APIService.swift in Sources */ = {isa = PBXBuildFile; fileRef = 577626F5294C2ACF00182258 /* APIService.swift */; };
		57A6BEBD294D697000A1AFA4 /* WebServerManager.swift in Sources */ = {isa = PBXBuildFile; fileRef = 57A6BEBC294D697000A1AFA4 /* WebServerManager.swift */; };
		8DB88C57A06121C9D2E63563 /* Pods_StuMoya.framework in Frameworks */ = {isa = PBXBuildFile; fileRef = 31B2654C398E013EA175062F /* Pods_StuMoya.framework */; };
		D1DCFF904C057886D000D3F0 /* Pods_StuMoya_StuMoyaUITests.framework in Frameworks */ = {isa = PBXBuildFile; fileRef = C5E5729CA1B26BC9B3DCFB75 /* Pods_StuMoya_StuMoyaUITests.framework */; };
/* End PBXBuildFile section */

/* Begin PBXContainerItemProxy section */
		577626D7294C1EBA00182258 /* PBXContainerItemProxy */ = {
			isa = PBXContainerItemProxy;
			containerPortal = 577626B8294C1EB900182258 /* Project object */;
			proxyType = 1;
			remoteGlobalIDString = 577626BF294C1EB900182258;
			remoteInfo = StuMoya;
		};
		577626E1294C1EBA00182258 /* PBXContainerItemProxy */ = {
			isa = PBXContainerItemProxy;
			containerPortal = 577626B8294C1EB900182258 /* Project object */;
			proxyType = 1;
			remoteGlobalIDString = 577626BF294C1EB900182258;
			remoteInfo = StuMoya;
		};
/* End PBXContainerItemProxy section */

/* Begin PBXFileReference section */
		023991208C62EA9ED787CE4C /* Pods-StuMoyaTests.debug.xcconfig */ = {isa = PBXFileReference; includeInIndex = 1; lastKnownFileType = text.xcconfig; name = "Pods-StuMoyaTests.debug.xcconfig"; path = "Target Support Files/Pods-StuMoyaTests/Pods-StuMoyaTests.debug.xcconfig"; sourceTree = "<group>"; };
		31B2654C398E013EA175062F /* Pods_StuMoya.framework */ = {isa = PBXFileReference; explicitFileType = wrapper.framework; includeInIndex = 0; path = Pods_StuMoya.framework; sourceTree = BUILT_PRODUCTS_DIR; };
		577626C0294C1EB900182258 /* StuMoya.app */ = {isa = PBXFileReference; explicitFileType = wrapper.application; includeInIndex = 0; path = StuMoya.app; sourceTree = BUILT_PRODUCTS_DIR; };
		577626C3294C1EB900182258 /* AppDelegate.swift */ = {isa = PBXFileReference; lastKnownFileType = sourcecode.swift; path = AppDelegate.swift; sourceTree = "<group>"; };
		577626C5294C1EB900182258 /* SceneDelegate.swift */ = {isa = PBXFileReference; lastKnownFileType = sourcecode.swift; path = SceneDelegate.swift; sourceTree = "<group>"; };
		577626C7294C1EB900182258 /* ViewController.swift */ = {isa = PBXFileReference; lastKnownFileType = sourcecode.swift; path = ViewController.swift; sourceTree = "<group>"; };
		577626CA294C1EB900182258 /* Base */ = {isa = PBXFileReference; lastKnownFileType = file.storyboard; name = Base; path = Base.lproj/Main.storyboard; sourceTree = "<group>"; };
		577626CC294C1EBA00182258 /* Assets.xcassets */ = {isa = PBXFileReference; lastKnownFileType = folder.assetcatalog; path = Assets.xcassets; sourceTree = "<group>"; };
		577626CF294C1EBA00182258 /* Base */ = {isa = PBXFileReference; lastKnownFileType = file.storyboard; name = Base; path = Base.lproj/LaunchScreen.storyboard; sourceTree = "<group>"; };
		577626D1294C1EBA00182258 /* Info.plist */ = {isa = PBXFileReference; lastKnownFileType = text.plist.xml; path = Info.plist; sourceTree = "<group>"; };
		577626D6294C1EBA00182258 /* StuMoyaTests.xctest */ = {isa = PBXFileReference; explicitFileType = wrapper.cfbundle; includeInIndex = 0; path = StuMoyaTests.xctest; sourceTree = BUILT_PRODUCTS_DIR; };
		577626DA294C1EBA00182258 /* StuMoyaTests.swift */ = {isa = PBXFileReference; lastKnownFileType = sourcecode.swift; path = StuMoyaTests.swift; sourceTree = "<group>"; };
		577626E0294C1EBA00182258 /* StuMoyaUITests.xctest */ = {isa = PBXFileReference; explicitFileType = wrapper.cfbundle; includeInIndex = 0; path = StuMoyaUITests.xctest; sourceTree = BUILT_PRODUCTS_DIR; };
		577626E4294C1EBA00182258 /* StuMoyaUITests.swift */ = {isa = PBXFileReference; lastKnownFileType = sourcecode.swift; path = StuMoyaUITests.swift; sourceTree = "<group>"; };
		577626E6294C1EBA00182258 /* StuMoyaUITestsLaunchTests.swift */ = {isa = PBXFileReference; lastKnownFileType = sourcecode.swift; path = StuMoyaUITestsLaunchTests.swift; sourceTree = "<group>"; };
		577626F3294C290900182258 /* LoginApi.swift */ = {isa = PBXFileReference; lastKnownFileType = sourcecode.swift; path = LoginApi.swift; sourceTree = "<group>"; };
		577626F5294C2ACF00182258 /* APIService.swift */ = {isa = PBXFileReference; lastKnownFileType = sourcecode.swift; path = APIService.swift; sourceTree = "<group>"; };
		57A6BEBC294D697000A1AFA4 /* WebServerManager.swift */ = {isa = PBXFileReference; lastKnownFileType = sourcecode.swift; path = WebServerManager.swift; sourceTree = "<group>"; };
		7AA3F557F9909754F005D406 /* Pods_StuMoyaTests.framework */ = {isa = PBXFileReference; explicitFileType = wrapper.framework; includeInIndex = 0; path = Pods_StuMoyaTests.framework; sourceTree = BUILT_PRODUCTS_DIR; };
		859BADE0D759EFE2D6C148F9 /* Pods-StuMoya.debug.xcconfig */ = {isa = PBXFileReference; includeInIndex = 1; lastKnownFileType = text.xcconfig; name = "Pods-StuMoya.debug.xcconfig"; path = "Target Support Files/Pods-StuMoya/Pods-StuMoya.debug.xcconfig"; sourceTree = "<group>"; };
		93CEA0FD370111F85E696ECE /* Pods-StuMoyaTests.release.xcconfig */ = {isa = PBXFileReference; includeInIndex = 1; lastKnownFileType = text.xcconfig; name = "Pods-StuMoyaTests.release.xcconfig"; path = "Target Support Files/Pods-StuMoyaTests/Pods-StuMoyaTests.release.xcconfig"; sourceTree = "<group>"; };
		C5E5729CA1B26BC9B3DCFB75 /* Pods_StuMoya_StuMoyaUITests.framework */ = {isa = PBXFileReference; explicitFileType = wrapper.framework; includeInIndex = 0; path = Pods_StuMoya_StuMoyaUITests.framework; sourceTree = BUILT_PRODUCTS_DIR; };
		E3832B3DEDEFF450E2B433C3 /* Pods-StuMoya.release.xcconfig */ = {isa = PBXFileReference; includeInIndex = 1; lastKnownFileType = text.xcconfig; name = "Pods-StuMoya.release.xcconfig"; path = "Target Support Files/Pods-StuMoya/Pods-StuMoya.release.xcconfig"; sourceTree = "<group>"; };
		F20E24EF9F6A01B3C6B18FB5 /* Pods-StuMoya-StuMoyaUITests.debug.xcconfig */ = {isa = PBXFileReference; includeInIndex = 1; lastKnownFileType = text.xcconfig; name = "Pods-StuMoya-StuMoyaUITests.debug.xcconfig"; path = "Target Support Files/Pods-StuMoya-StuMoyaUITests/Pods-StuMoya-StuMoyaUITests.debug.xcconfig"; sourceTree = "<group>"; };
		F98D00EDBA7971812148D626 /* Pods-StuMoya-StuMoyaUITests.release.xcconfig */ = {isa = PBXFileReference; includeInIndex = 1; lastKnownFileType = text.xcconfig; name = "Pods-StuMoya-StuMoyaUITests.release.xcconfig"; path = "Target Support Files/Pods-StuMoya-StuMoyaUITests/Pods-StuMoya-StuMoyaUITests.release.xcconfig"; sourceTree = "<group>"; };
/* End PBXFileReference section */

/* Begin PBXFrameworksBuildPhase section */
		577626BD294C1EB900182258 /* Frameworks */ = {
			isa = PBXFrameworksBuildPhase;
			buildActionMask = 2147483647;
			files = (
				8DB88C57A06121C9D2E63563 /* Pods_StuMoya.framework in Frameworks */,
			);
			runOnlyForDeploymentPostprocessing = 0;
		};
		577626D3294C1EBA00182258 /* Frameworks */ = {
			isa = PBXFrameworksBuildPhase;
			buildActionMask = 2147483647;
			files = (
				13C876B0ECCBED53ADBA330B /* Pods_StuMoyaTests.framework in Frameworks */,
			);
			runOnlyForDeploymentPostprocessing = 0;
		};
		577626DD294C1EBA00182258 /* Frameworks */ = {
			isa = PBXFrameworksBuildPhase;
			buildActionMask = 2147483647;
			files = (
				D1DCFF904C057886D000D3F0 /* Pods_StuMoya_StuMoyaUITests.framework in Frameworks */,
			);
			runOnlyForDeploymentPostprocessing = 0;
		};
/* End PBXFrameworksBuildPhase section */

/* Begin PBXGroup section */
		577626B7294C1EB900182258 = {
			isa = PBXGroup;
			children = (
				577626C2294C1EB900182258 /* StuMoya */,
				577626D9294C1EBA00182258 /* StuMoyaTests */,
				577626E3294C1EBA00182258 /* StuMoyaUITests */,
				577626C1294C1EB900182258 /* Products */,
				F7CCB34729686A40FE2BDE68 /* Pods */,
				B16BCC7EFDD42EA0C735A6C6 /* Frameworks */,
			);
			sourceTree = "<group>";
		};
		577626C1294C1EB900182258 /* Products */ = {
			isa = PBXGroup;
			children = (
				577626C0294C1EB900182258 /* StuMoya.app */,
				577626D6294C1EBA00182258 /* StuMoyaTests.xctest */,
				577626E0294C1EBA00182258 /* StuMoyaUITests.xctest */,
			);
			name = Products;
			sourceTree = "<group>";
		};
		577626C2294C1EB900182258 /* StuMoya */ = {
			isa = PBXGroup;
			children = (
				57A6BEBB294D693A00A1AFA4 /* Service */,
				57A6BEBA294D692700A1AFA4 /* WebServer */,
				577626C3294C1EB900182258 /* AppDelegate.swift */,
				577626C5294C1EB900182258 /* SceneDelegate.swift */,
				577626C7294C1EB900182258 /* ViewController.swift */,
				577626C9294C1EB900182258 /* Main.storyboard */,
				577626CC294C1EBA00182258 /* Assets.xcassets */,
				577626CE294C1EBA00182258 /* LaunchScreen.storyboard */,
				577626D1294C1EBA00182258 /* Info.plist */,
			);
			path = StuMoya;
			sourceTree = "<group>";
		};
		577626D9294C1EBA00182258 /* StuMoyaTests */ = {
			isa = PBXGroup;
			children = (
				577626DA294C1EBA00182258 /* StuMoyaTests.swift */,
			);
			path = StuMoyaTests;
			sourceTree = "<group>";
		};
		577626E3294C1EBA00182258 /* StuMoyaUITests */ = {
			isa = PBXGroup;
			children = (
				577626E4294C1EBA00182258 /* StuMoyaUITests.swift */,
				577626E6294C1EBA00182258 /* StuMoyaUITestsLaunchTests.swift */,
			);
			path = StuMoyaUITests;
			sourceTree = "<group>";
		};
		57A6BEBA294D692700A1AFA4 /* WebServer */ = {
			isa = PBXGroup;
			children = (
				57A6BEBC294D697000A1AFA4 /* WebServerManager.swift */,
			);
			path = WebServer;
			sourceTree = "<group>";
		};
		57A6BEBB294D693A00A1AFA4 /* Service */ = {
			isa = PBXGroup;
			children = (
				577626F3294C290900182258 /* LoginApi.swift */,
				577626F5294C2ACF00182258 /* APIService.swift */,
			);
			path = Service;
			sourceTree = "<group>";
		};
		B16BCC7EFDD42EA0C735A6C6 /* Frameworks */ = {
			isa = PBXGroup;
			children = (
				31B2654C398E013EA175062F /* Pods_StuMoya.framework */,
				C5E5729CA1B26BC9B3DCFB75 /* Pods_StuMoya_StuMoyaUITests.framework */,
				7AA3F557F9909754F005D406 /* Pods_StuMoyaTests.framework */,
			);
			name = Frameworks;
			sourceTree = "<group>";
		};
		F7CCB34729686A40FE2BDE68 /* Pods */ = {
			isa = PBXGroup;
			children = (
				859BADE0D759EFE2D6C148F9 /* Pods-StuMoya.debug.xcconfig */,
				E3832B3DEDEFF450E2B433C3 /* Pods-StuMoya.release.xcconfig */,
				F20E24EF9F6A01B3C6B18FB5 /* Pods-StuMoya-StuMoyaUITests.debug.xcconfig */,
				F98D00EDBA7971812148D626 /* Pods-StuMoya-StuMoyaUITests.release.xcconfig */,
				023991208C62EA9ED787CE4C /* Pods-StuMoyaTests.debug.xcconfig */,
				93CEA0FD370111F85E696ECE /* Pods-StuMoyaTests.release.xcconfig */,
			);
			path = Pods;
			sourceTree = "<group>";
		};
/* End PBXGroup section */

/* Begin PBXNativeTarget section */
		577626BF294C1EB900182258 /* StuMoya */ = {
			isa = PBXNativeTarget;
			buildConfigurationList = 577626EA294C1EBA00182258 /* Build configuration list for PBXNativeTarget "StuMoya" */;
			buildPhases = (
				36067D5313491E94067DF48C /* [CP] Check Pods Manifest.lock */,
				577626BC294C1EB900182258 /* Sources */,
				577626BD294C1EB900182258 /* Frameworks */,
				577626BE294C1EB900182258 /* Resources */,
				5FCAA004DA1781D7C4963688 /* [CP] Embed Pods Frameworks */,
			);
			buildRules = (
			);
			dependencies = (
			);
			name = StuMoya;
			productName = StuMoya;
			productReference = 577626C0294C1EB900182258 /* StuMoya.app */;
			productType = "com.apple.product-type.application";
		};
		577626D5294C1EBA00182258 /* StuMoyaTests */ = {
			isa = PBXNativeTarget;
			buildConfigurationList = 577626ED294C1EBA00182258 /* Build configuration list for PBXNativeTarget "StuMoyaTests" */;
			buildPhases = (
				E174AA6743C4B3407C3B67A1 /* [CP] Check Pods Manifest.lock */,
				577626D2294C1EBA00182258 /* Sources */,
				577626D3294C1EBA00182258 /* Frameworks */,
				577626D4294C1EBA00182258 /* Resources */,
			);
			buildRules = (
			);
			dependencies = (
				577626D8294C1EBA00182258 /* PBXTargetDependency */,
			);
			name = StuMoyaTests;
			productName = StuMoyaTests;
			productReference = 577626D6294C1EBA00182258 /* StuMoyaTests.xctest */;
			productType = "com.apple.product-type.bundle.unit-test";
		};
		577626DF294C1EBA00182258 /* StuMoyaUITests */ = {
			isa = PBXNativeTarget;
			buildConfigurationList = 577626F0294C1EBA00182258 /* Build configuration list for PBXNativeTarget "StuMoyaUITests" */;
			buildPhases = (
				651F2F2B4344347A7941CA62 /* [CP] Check Pods Manifest.lock */,
				577626DC294C1EBA00182258 /* Sources */,
				577626DD294C1EBA00182258 /* Frameworks */,
				577626DE294C1EBA00182258 /* Resources */,
				3D1F8EC4441499284AB92745 /* [CP] Embed Pods Frameworks */,
			);
			buildRules = (
			);
			dependencies = (
				577626E2294C1EBA00182258 /* PBXTargetDependency */,
			);
			name = StuMoyaUITests;
			productName = StuMoyaUITests;
			productReference = 577626E0294C1EBA00182258 /* StuMoyaUITests.xctest */;
			productType = "com.apple.product-type.bundle.ui-testing";
		};
/* End PBXNativeTarget section */

/* Begin PBXProject section */
		577626B8294C1EB900182258 /* Project object */ = {
			isa = PBXProject;
			attributes = {
				BuildIndependentTargetsInParallel = 1;
				LastSwiftUpdateCheck = 1410;
				LastUpgradeCheck = 1410;
				TargetAttributes = {
					577626BF294C1EB900182258 = {
						CreatedOnToolsVersion = 14.1;
					};
					577626D5294C1EBA00182258 = {
						CreatedOnToolsVersion = 14.1;
						TestTargetID = 577626BF294C1EB900182258;
					};
					577626DF294C1EBA00182258 = {
						CreatedOnToolsVersion = 14.1;
						TestTargetID = 577626BF294C1EB900182258;
					};
				};
			};
			buildConfigurationList = 577626BB294C1EB900182258 /* Build configuration list for PBXProject "StuMoya" */;
			compatibilityVersion = "Xcode 9.3";
			developmentRegion = en;
			hasScannedForEncodings = 0;
			knownRegions = (
				en,
				Base,
			);
			mainGroup = 577626B7294C1EB900182258;
			productRefGroup = 577626C1294C1EB900182258 /* Products */;
			projectDirPath = "";
			projectRoot = "";
			targets = (
				577626BF294C1EB900182258 /* StuMoya */,
				577626D5294C1EBA00182258 /* StuMoyaTests */,
				577626DF294C1EBA00182258 /* StuMoyaUITests */,
			);
		};
/* End PBXProject section */

/* Begin PBXResourcesBuildPhase section */
		577626BE294C1EB900182258 /* Resources */ = {
			isa = PBXResourcesBuildPhase;
			buildActionMask = 2147483647;
			files = (
				577626D0294C1EBA00182258 /* LaunchScreen.storyboard in Resources */,
				577626CD294C1EBA00182258 /* Assets.xcassets in Resources */,
				577626CB294C1EB900182258 /* Main.storyboard in Resources */,
			);
			runOnlyForDeploymentPostprocessing = 0;
		};
		577626D4294C1EBA00182258 /* Resources */ = {
			isa = PBXResourcesBuildPhase;
			buildActionMask = 2147483647;
			files = (
			);
			runOnlyForDeploymentPostprocessing = 0;
		};
		577626DE294C1EBA00182258 /* Resources */ = {
			isa = PBXResourcesBuildPhase;
			buildActionMask = 2147483647;
			files = (
			);
			runOnlyForDeploymentPostprocessing = 0;
		};
/* End PBXResourcesBuildPhase section */

/* Begin PBXShellScriptBuildPhase section */
		36067D5313491E94067DF48C /* [CP] Check Pods Manifest.lock */ = {
			isa = PBXShellScriptBuildPhase;
			buildActionMask = 2147483647;
			files = (
			);
			inputFileListPaths = (
			);
			inputPaths = (
				"${PODS_PODFILE_DIR_PATH}/Podfile.lock",
				"${PODS_ROOT}/Manifest.lock",
			);
			name = "[CP] Check Pods Manifest.lock";
			outputFileListPaths = (
			);
			outputPaths = (
				"$(DERIVED_FILE_DIR)/Pods-StuMoya-checkManifestLockResult.txt",
			);
			runOnlyForDeploymentPostprocessing = 0;
			shellPath = /bin/sh;
			shellScript = "diff \"${PODS_PODFILE_DIR_PATH}/Podfile.lock\" \"${PODS_ROOT}/Manifest.lock\" > /dev/null\nif [ $? != 0 ] ; then\n    # print error to STDERR\n    echo \"error: The sandbox is not in sync with the Podfile.lock. Run 'pod install' or update your CocoaPods installation.\" >&2\n    exit 1\nfi\n# This output is used by Xcode 'outputs' to avoid re-running this script phase.\necho \"SUCCESS\" > \"${SCRIPT_OUTPUT_FILE_0}\"\n";
			showEnvVarsInLog = 0;
		};
		3D1F8EC4441499284AB92745 /* [CP] Embed Pods Frameworks */ = {
			isa = PBXShellScriptBuildPhase;
			buildActionMask = 2147483647;
			files = (
			);
			inputFileListPaths = (
				"${PODS_ROOT}/Target Support Files/Pods-StuMoya-StuMoyaUITests/Pods-StuMoya-StuMoyaUITests-frameworks-${CONFIGURATION}-input-files.xcfilelist",
			);
			name = "[CP] Embed Pods Frameworks";
			outputFileListPaths = (
				"${PODS_ROOT}/Target Support Files/Pods-StuMoya-StuMoyaUITests/Pods-StuMoya-StuMoyaUITests-frameworks-${CONFIGURATION}-output-files.xcfilelist",
			);
			runOnlyForDeploymentPostprocessing = 0;
			shellPath = /bin/sh;
			shellScript = "\"${PODS_ROOT}/Target Support Files/Pods-StuMoya-StuMoyaUITests/Pods-StuMoya-StuMoyaUITests-frameworks.sh\"\n";
			showEnvVarsInLog = 0;
		};
		5FCAA004DA1781D7C4963688 /* [CP] Embed Pods Frameworks */ = {
			isa = PBXShellScriptBuildPhase;
			buildActionMask = 2147483647;
			files = (
			);
			inputFileListPaths = (
				"${PODS_ROOT}/Target Support Files/Pods-StuMoya/Pods-StuMoya-frameworks-${CONFIGURATION}-input-files.xcfilelist",
			);
			name = "[CP] Embed Pods Frameworks";
			outputFileListPaths = (
				"${PODS_ROOT}/Target Support Files/Pods-StuMoya/Pods-StuMoya-frameworks-${CONFIGURATION}-output-files.xcfilelist",
			);
			runOnlyForDeploymentPostprocessing = 0;
			shellPath = /bin/sh;
			shellScript = "\"${PODS_ROOT}/Target Support Files/Pods-StuMoya/Pods-StuMoya-frameworks.sh\"\n";
			showEnvVarsInLog = 0;
		};
		651F2F2B4344347A7941CA62 /* [CP] Check Pods Manifest.lock */ = {
			isa = PBXShellScriptBuildPhase;
			buildActionMask = 2147483647;
			files = (
			);
			inputFileListPaths = (
			);
			inputPaths = (
				"${PODS_PODFILE_DIR_PATH}/Podfile.lock",
				"${PODS_ROOT}/Manifest.lock",
			);
			name = "[CP] Check Pods Manifest.lock";
			outputFileListPaths = (
			);
			outputPaths = (
				"$(DERIVED_FILE_DIR)/Pods-StuMoya-StuMoyaUITests-checkManifestLockResult.txt",
			);
			runOnlyForDeploymentPostprocessing = 0;
			shellPath = /bin/sh;
			shellScript = "diff \"${PODS_PODFILE_DIR_PATH}/Podfile.lock\" \"${PODS_ROOT}/Manifest.lock\" > /dev/null\nif [ $? != 0 ] ; then\n    # print error to STDERR\n    echo \"error: The sandbox is not in sync with the Podfile.lock. Run 'pod install' or update your CocoaPods installation.\" >&2\n    exit 1\nfi\n# This output is used by Xcode 'outputs' to avoid re-running this script phase.\necho \"SUCCESS\" > \"${SCRIPT_OUTPUT_FILE_0}\"\n";
			showEnvVarsInLog = 0;
		};
		E174AA6743C4B3407C3B67A1 /* [CP] Check Pods Manifest.lock */ = {
			isa = PBXShellScriptBuildPhase;
			buildActionMask = 2147483647;
			files = (
			);
			inputFileListPaths = (
			);
			inputPaths = (
				"${PODS_PODFILE_DIR_PATH}/Podfile.lock",
				"${PODS_ROOT}/Manifest.lock",
			);
			name = "[CP] Check Pods Manifest.lock";
			outputFileListPaths = (
			);
			outputPaths = (
				"$(DERIVED_FILE_DIR)/Pods-StuMoyaTests-checkManifestLockResult.txt",
			);
			runOnlyForDeploymentPostprocessing = 0;
			shellPath = /bin/sh;
			shellScript = "diff \"${PODS_PODFILE_DIR_PATH}/Podfile.lock\" \"${PODS_ROOT}/Manifest.lock\" > /dev/null\nif [ $? != 0 ] ; then\n    # print error to STDERR\n    echo \"error: The sandbox is not in sync with the Podfile.lock. Run 'pod install' or update your CocoaPods installation.\" >&2\n    exit 1\nfi\n# This output is used by Xcode 'outputs' to avoid re-running this script phase.\necho \"SUCCESS\" > \"${SCRIPT_OUTPUT_FILE_0}\"\n";
			showEnvVarsInLog = 0;
		};
/* End PBXShellScriptBuildPhase section */

/* Begin PBXSourcesBuildPhase section */
		577626BC294C1EB900182258 /* Sources */ = {
			isa = PBXSourcesBuildPhase;
			buildActionMask = 2147483647;
			files = (
				577626F4294C290900182258 /* LoginApi.swift in Sources */,
				57A6BEBD294D697000A1AFA4 /* WebServerManager.swift in Sources */,
				577626F6294C2ACF00182258 /* APIService.swift in Sources */,
				577626C8294C1EB900182258 /* ViewController.swift in Sources */,
				577626C4294C1EB900182258 /* AppDelegate.swift in Sources */,
				577626C6294C1EB900182258 /* SceneDelegate.swift in Sources */,
			);
			runOnlyForDeploymentPostprocessing = 0;
		};
		577626D2294C1EBA00182258 /* Sources */ = {
			isa = PBXSourcesBuildPhase;
			buildActionMask = 2147483647;
			files = (
				577626DB294C1EBA00182258 /* StuMoyaTests.swift in Sources */,
			);
			runOnlyForDeploymentPostprocessing = 0;
		};
		577626DC294C1EBA00182258 /* Sources */ = {
			isa = PBXSourcesBuildPhase;
			buildActionMask = 2147483647;
			files = (
				577626E5294C1EBA00182258 /* StuMoyaUITests.swift in Sources */,
				577626E7294C1EBA00182258 /* StuMoyaUITestsLaunchTests.swift in Sources */,
			);
			runOnlyForDeploymentPostprocessing = 0;
		};
/* End PBXSourcesBuildPhase section */

/* Begin PBXTargetDependency section */
		577626D8294C1EBA00182258 /* PBXTargetDependency */ = {
			isa = PBXTargetDependency;
			target = 577626BF294C1EB900182258 /* StuMoya */;
			targetProxy = 577626D7294C1EBA00182258 /* PBXContainerItemProxy */;
		};
		577626E2294C1EBA00182258 /* PBXTargetDependency */ = {
			isa = PBXTargetDependency;
			target = 577626BF294C1EB900182258 /* StuMoya */;
			targetProxy = 577626E1294C1EBA00182258 /* PBXContainerItemProxy */;
		};
/* End PBXTargetDependency section */

/* Begin PBXVariantGroup section */
		577626C9294C1EB900182258 /* Main.storyboard */ = {
			isa = PBXVariantGroup;
			children = (
				577626CA294C1EB900182258 /* Base */,
			);
			name = Main.storyboard;
			sourceTree = "<group>";
		};
		577626CE294C1EBA00182258 /* LaunchScreen.storyboard */ = {
			isa = PBXVariantGroup;
			children = (
				577626CF294C1EBA00182258 /* Base */,
			);
			name = LaunchScreen.storyboard;
			sourceTree = "<group>";
		};
/* End PBXVariantGroup section */

/* Begin XCBuildConfiguration section */
		577626E8294C1EBA00182258 /* Debug */ = {
			isa = XCBuildConfiguration;
			buildSettings = {
				ALWAYS_SEARCH_USER_PATHS = NO;
				CLANG_ANALYZER_NONNULL = YES;
				CLANG_ANALYZER_NUMBER_OBJECT_CONVERSION = YES_AGGRESSIVE;
				CLANG_CXX_LANGUAGE_STANDARD = "gnu++20";
				CLANG_ENABLE_MODULES = YES;
				CLANG_ENABLE_OBJC_ARC = YES;
				CLANG_ENABLE_OBJC_WEAK = YES;
				CLANG_WARN_BLOCK_CAPTURE_AUTORELEASING = YES;
				CLANG_WARN_BOOL_CONVERSION = YES;
				CLANG_WARN_COMMA = YES;
				CLANG_WARN_CONSTANT_CONVERSION = YES;
				CLANG_WARN_DEPRECATED_OBJC_IMPLEMENTATIONS = YES;
				CLANG_WARN_DIRECT_OBJC_ISA_USAGE = YES_ERROR;
				CLANG_WARN_DOCUMENTATION_COMMENTS = YES;
				CLANG_WARN_EMPTY_BODY = YES;
				CLANG_WARN_ENUM_CONVERSION = YES;
				CLANG_WARN_INFINITE_RECURSION = YES;
				CLANG_WARN_INT_CONVERSION = YES;
				CLANG_WARN_NON_LITERAL_NULL_CONVERSION = YES;
				CLANG_WARN_OBJC_IMPLICIT_RETAIN_SELF = YES;
				CLANG_WARN_OBJC_LITERAL_CONVERSION = YES;
				CLANG_WARN_OBJC_ROOT_CLASS = YES_ERROR;
				CLANG_WARN_QUOTED_INCLUDE_IN_FRAMEWORK_HEADER = YES;
				CLANG_WARN_RANGE_LOOP_ANALYSIS = YES;
				CLANG_WARN_STRICT_PROTOTYPES = YES;
				CLANG_WARN_SUSPICIOUS_MOVE = YES;
				CLANG_WARN_UNGUARDED_AVAILABILITY = YES_AGGRESSIVE;
				CLANG_WARN_UNREACHABLE_CODE = YES;
				CLANG_WARN__DUPLICATE_METHOD_MATCH = YES;
				COPY_PHASE_STRIP = NO;
				DEBUG_INFORMATION_FORMAT = dwarf;
				ENABLE_STRICT_OBJC_MSGSEND = YES;
				ENABLE_TESTABILITY = YES;
				GCC_C_LANGUAGE_STANDARD = gnu11;
				GCC_DYNAMIC_NO_PIC = NO;
				GCC_NO_COMMON_BLOCKS = YES;
				GCC_OPTIMIZATION_LEVEL = 0;
				GCC_PREPROCESSOR_DEFINITIONS = (
					"DEBUG=1",
					"$(inherited)",
				);
				GCC_WARN_64_TO_32_BIT_CONVERSION = YES;
				GCC_WARN_ABOUT_RETURN_TYPE = YES_ERROR;
				GCC_WARN_UNDECLARED_SELECTOR = YES;
				GCC_WARN_UNINITIALIZED_AUTOS = YES_AGGRESSIVE;
				GCC_WARN_UNUSED_FUNCTION = YES;
				GCC_WARN_UNUSED_VARIABLE = YES;
				IPHONEOS_DEPLOYMENT_TARGET = 16.1;
				MTL_ENABLE_DEBUG_INFO = INCLUDE_SOURCE;
				MTL_FAST_MATH = YES;
				ONLY_ACTIVE_ARCH = YES;
				SDKROOT = iphoneos;
				SWIFT_ACTIVE_COMPILATION_CONDITIONS = DEBUG;
				SWIFT_OPTIMIZATION_LEVEL = "-Onone";
			};
			name = Debug;
		};
		577626E9294C1EBA00182258 /* Release */ = {
			isa = XCBuildConfiguration;
			buildSettings = {
				ALWAYS_SEARCH_USER_PATHS = NO;
				CLANG_ANALYZER_NONNULL = YES;
				CLANG_ANALYZER_NUMBER_OBJECT_CONVERSION = YES_AGGRESSIVE;
				CLANG_CXX_LANGUAGE_STANDARD = "gnu++20";
				CLANG_ENABLE_MODULES = YES;
				CLANG_ENABLE_OBJC_ARC = YES;
				CLANG_ENABLE_OBJC_WEAK = YES;
				CLANG_WARN_BLOCK_CAPTURE_AUTORELEASING = YES;
				CLANG_WARN_BOOL_CONVERSION = YES;
				CLANG_WARN_COMMA = YES;
				CLANG_WARN_CONSTANT_CONVERSION = YES;
				CLANG_WARN_DEPRECATED_OBJC_IMPLEMENTATIONS = YES;
				CLANG_WARN_DIRECT_OBJC_ISA_USAGE = YES_ERROR;
				CLANG_WARN_DOCUMENTATION_COMMENTS = YES;
				CLANG_WARN_EMPTY_BODY = YES;
				CLANG_WARN_ENUM_CONVERSION = YES;
				CLANG_WARN_INFINITE_RECURSION = YES;
				CLANG_WARN_INT_CONVERSION = YES;
				CLANG_WARN_NON_LITERAL_NULL_CONVERSION = YES;
				CLANG_WARN_OBJC_IMPLICIT_RETAIN_SELF = YES;
				CLANG_WARN_OBJC_LITERAL_CONVERSION = YES;
				CLANG_WARN_OBJC_ROOT_CLASS = YES_ERROR;
				CLANG_WARN_QUOTED_INCLUDE_IN_FRAMEWORK_HEADER = YES;
				CLANG_WARN_RANGE_LOOP_ANALYSIS = YES;
				CLANG_WARN_STRICT_PROTOTYPES = YES;
				CLANG_WARN_SUSPICIOUS_MOVE = YES;
				CLANG_WARN_UNGUARDED_AVAILABILITY = YES_AGGRESSIVE;
				CLANG_WARN_UNREACHABLE_CODE = YES;
				CLANG_WARN__DUPLICATE_METHOD_MATCH = YES;
				COPY_PHASE_STRIP = NO;
				DEBUG_INFORMATION_FORMAT = "dwarf-with-dsym";
				ENABLE_NS_ASSERTIONS = NO;
				ENABLE_STRICT_OBJC_MSGSEND = YES;
				GCC_C_LANGUAGE_STANDARD = gnu11;
				GCC_NO_COMMON_BLOCKS = YES;
				GCC_WARN_64_TO_32_BIT_CONVERSION = YES;
				GCC_WARN_ABOUT_RETURN_TYPE = YES_ERROR;
				GCC_WARN_UNDECLARED_SELECTOR = YES;
				GCC_WARN_UNINITIALIZED_AUTOS = YES_AGGRESSIVE;
				GCC_WARN_UNUSED_FUNCTION = YES;
				GCC_WARN_UNUSED_VARIABLE = YES;
				IPHONEOS_DEPLOYMENT_TARGET = 16.1;
				MTL_ENABLE_DEBUG_INFO = NO;
				MTL_FAST_MATH = YES;
				SDKROOT = iphoneos;
				SWIFT_COMPILATION_MODE = wholemodule;
				SWIFT_OPTIMIZATION_LEVEL = "-O";
				VALIDATE_PRODUCT = YES;
			};
			name = Release;
		};
		577626EB294C1EBA00182258 /* Debug */ = {
			isa = XCBuildConfiguration;
			baseConfigurationReference = 859BADE0D759EFE2D6C148F9 /* Pods-StuMoya.debug.xcconfig */;
			buildSettings = {
				ASSETCATALOG_COMPILER_APPICON_NAME = AppIcon;
				ASSETCATALOG_COMPILER_GLOBAL_ACCENT_COLOR_NAME = AccentColor;
				CODE_SIGN_STYLE = Automatic;
				CURRENT_PROJECT_VERSION = 1;
				GENERATE_INFOPLIST_FILE = YES;
				INFOPLIST_FILE = StuMoya/Info.plist;
				INFOPLIST_KEY_UIApplicationSupportsIndirectInputEvents = YES;
				INFOPLIST_KEY_UILaunchStoryboardName = LaunchScreen;
				INFOPLIST_KEY_UIMainStoryboardFile = Main;
				INFOPLIST_KEY_UISupportedInterfaceOrientations_iPad = "UIInterfaceOrientationPortrait UIInterfaceOrientationPortraitUpsideDown UIInterfaceOrientationLandscapeLeft UIInterfaceOrientationLandscapeRight";
				INFOPLIST_KEY_UISupportedInterfaceOrientations_iPhone = "UIInterfaceOrientationPortrait UIInterfaceOrientationLandscapeLeft UIInterfaceOrientationLandscapeRight";
				LD_RUNPATH_SEARCH_PATHS = (
					"$(inherited)",
					"@executable_path/Frameworks",
				);
				MARKETING_VERSION = 1.0;
				PRODUCT_BUNDLE_IDENTIFIER = com.h.w.StuMoya;
				PRODUCT_NAME = "$(TARGET_NAME)";
				SWIFT_EMIT_LOC_STRINGS = YES;
				SWIFT_VERSION = 5.0;
				TARGETED_DEVICE_FAMILY = "1,2";
			};
			name = Debug;
		};
		577626EC294C1EBA00182258 /* Release */ = {
			isa = XCBuildConfiguration;
			baseConfigurationReference = E3832B3DEDEFF450E2B433C3 /* Pods-StuMoya.release.xcconfig */;
			buildSettings = {
				ASSETCATALOG_COMPILER_APPICON_NAME = AppIcon;
				ASSETCATALOG_COMPILER_GLOBAL_ACCENT_COLOR_NAME = AccentColor;
				CODE_SIGN_STYLE = Automatic;
				CURRENT_PROJECT_VERSION = 1;
				GENERATE_INFOPLIST_FILE = YES;
				INFOPLIST_FILE = StuMoya/Info.plist;
				INFOPLIST_KEY_UIApplicationSupportsIndirectInputEvents = YES;
				INFOPLIST_KEY_UILaunchStoryboardName = LaunchScreen;
				INFOPLIST_KEY_UIMainStoryboardFile = Main;
				INFOPLIST_KEY_UISupportedInterfaceOrientations_iPad = "UIInterfaceOrientationPortrait UIInterfaceOrientationPortraitUpsideDown UIInterfaceOrientationLandscapeLeft UIInterfaceOrientationLandscapeRight";
				INFOPLIST_KEY_UISupportedInterfaceOrientations_iPhone = "UIInterfaceOrientationPortrait UIInterfaceOrientationLandscapeLeft UIInterfaceOrientationLandscapeRight";
				LD_RUNPATH_SEARCH_PATHS = (
					"$(inherited)",
					"@executable_path/Frameworks",
				);
				MARKETING_VERSION = 1.0;
				PRODUCT_BUNDLE_IDENTIFIER = com.h.w.StuMoya;
				PRODUCT_NAME = "$(TARGET_NAME)";
				SWIFT_EMIT_LOC_STRINGS = YES;
				SWIFT_VERSION = 5.0;
				TARGETED_DEVICE_FAMILY = "1,2";
			};
			name = Release;
		};
		577626EE294C1EBA00182258 /* Debug */ = {
			isa = XCBuildConfiguration;
			baseConfigurationReference = 023991208C62EA9ED787CE4C /* Pods-StuMoyaTests.debug.xcconfig */;
			buildSettings = {
				ALWAYS_EMBED_SWIFT_STANDARD_LIBRARIES = YES;
				BUNDLE_LOADER = "$(TEST_HOST)";
				CODE_SIGN_STYLE = Automatic;
				CURRENT_PROJECT_VERSION = 1;
				GENERATE_INFOPLIST_FILE = YES;
				IPHONEOS_DEPLOYMENT_TARGET = 16.1;
				MARKETING_VERSION = 1.0;
				PRODUCT_BUNDLE_IDENTIFIER = com.h.w.StuMoyaTests;
				PRODUCT_NAME = "$(TARGET_NAME)";
				SWIFT_EMIT_LOC_STRINGS = NO;
				SWIFT_VERSION = 5.0;
				TARGETED_DEVICE_FAMILY = "1,2";
				TEST_HOST = "$(BUILT_PRODUCTS_DIR)/StuMoya.app/$(BUNDLE_EXECUTABLE_FOLDER_PATH)/StuMoya";
			};
			name = Debug;
		};
		577626EF294C1EBA00182258 /* Release */ = {
			isa = XCBuildConfiguration;
			baseConfigurationReference = 93CEA0FD370111F85E696ECE /* Pods-StuMoyaTests.release.xcconfig */;
			buildSettings = {
				ALWAYS_EMBED_SWIFT_STANDARD_LIBRARIES = YES;
				BUNDLE_LOADER = "$(TEST_HOST)";
				CODE_SIGN_STYLE = Automatic;
				CURRENT_PROJECT_VERSION = 1;
				GENERATE_INFOPLIST_FILE = YES;
				IPHONEOS_DEPLOYMENT_TARGET = 16.1;
				MARKETING_VERSION = 1.0;
				PRODUCT_BUNDLE_IDENTIFIER = com.h.w.StuMoyaTests;
				PRODUCT_NAME = "$(TARGET_NAME)";
				SWIFT_EMIT_LOC_STRINGS = NO;
				SWIFT_VERSION = 5.0;
				TARGETED_DEVICE_FAMILY = "1,2";
				TEST_HOST = "$(BUILT_PRODUCTS_DIR)/StuMoya.app/$(BUNDLE_EXECUTABLE_FOLDER_PATH)/StuMoya";
			};
			name = Release;
		};
		577626F1294C1EBA00182258 /* Debug */ = {
			isa = XCBuildConfiguration;
			baseConfigurationReference = F20E24EF9F6A01B3C6B18FB5 /* Pods-StuMoya-StuMoyaUITests.debug.xcconfig */;
			buildSettings = {
				ALWAYS_EMBED_SWIFT_STANDARD_LIBRARIES = YES;
				CODE_SIGN_STYLE = Automatic;
				CURRENT_PROJECT_VERSION = 1;
				GENERATE_INFOPLIST_FILE = YES;
				MARKETING_VERSION = 1.0;
				PRODUCT_BUNDLE_IDENTIFIER = com.h.w.StuMoyaUITests;
				PRODUCT_NAME = "$(TARGET_NAME)";
				SWIFT_EMIT_LOC_STRINGS = NO;
				SWIFT_VERSION = 5.0;
				TARGETED_DEVICE_FAMILY = "1,2";
				TEST_TARGET_NAME = StuMoya;
			};
			name = Debug;
		};
		577626F2294C1EBA00182258 /* Release */ = {
			isa = XCBuildConfiguration;
			baseConfigurationReference = F98D00EDBA7971812148D626 /* Pods-StuMoya-StuMoyaUITests.release.xcconfig */;
			buildSettings = {
				ALWAYS_EMBED_SWIFT_STANDARD_LIBRARIES = YES;
				CODE_SIGN_STYLE = Automatic;
				CURRENT_PROJECT_VERSION = 1;
				GENERATE_INFOPLIST_FILE = YES;
				MARKETING_VERSION = 1.0;
				PRODUCT_BUNDLE_IDENTIFIER = com.h.w.StuMoyaUITests;
				PRODUCT_NAME = "$(TARGET_NAME)";
				SWIFT_EMIT_LOC_STRINGS = NO;
				SWIFT_VERSION = 5.0;
				TARGETED_DEVICE_FAMILY = "1,2";
				TEST_TARGET_NAME = StuMoya;
			};
			name = Release;
		};
/* End XCBuildConfiguration section */

/* Begin XCConfigurationList section */
		577626BB294C1EB900182258 /* Build configuration list for PBXProject "StuMoya" */ = {
			isa = XCConfigurationList;
			buildConfigurations = (
				577626E8294C1EBA00182258 /* Debug */,
				577626E9294C1EBA00182258 /* Release */,
			);
			defaultConfigurationIsVisible = 0;
			defaultConfigurationName = Release;
		};
		577626EA294C1EBA00182258 /* Build configuration list for PBXNativeTarget "StuMoya" */ = {
			isa = XCConfigurationList;
			buildConfigurations = (
				577626EB294C1EBA00182258 /* Debug */,
				577626EC294C1EBA00182258 /* Release */,
			);
			defaultConfigurationIsVisible = 0;
			defaultConfigurationName = Release;
		};
		577626ED294C1EBA00182258 /* Build configuration list for PBXNativeTarget "StuMoyaTests" */ = {
			isa = XCConfigurationList;
			buildConfigurations = (
				577626EE294C1EBA00182258 /* Debug */,
				577626EF294C1EBA00182258 /* Release */,
			);
			defaultConfigurationIsVisible = 0;
			defaultConfigurationName = Release;
		};
		577626F0294C1EBA00182258 /* Build configuration list for PBXNativeTarget "StuMoyaUITests" */ = {
			isa = XCConfigurationList;
			buildConfigurations = (
				577626F1294C1EBA00182258 /* Debug */,
				577626F2294C1EBA00182258 /* Release */,
			);
			defaultConfigurationIsVisible = 0;
			defaultConfigurationName = Release;
		};
/* End XCConfigurationList section */
	};
	rootObject = 577626B8294C1EB900182258 /* Project object */;
}
